// !$*UTF8*$!
{
	archiveVersion = 1;
	classes = {
	};
	objectVersion = 48;
	objects = {

/* Begin PBXBuildFile section */
		108B24B51457DC9A9AA3B0AE /* Pods_Timelife.framework in Frameworks */ = {isa = PBXBuildFile; fileRef = 7C7D2E9A1EDC0AFDF5F9ED84 /* Pods_Timelife.framework */; };
		CB000960206A3CF000B00C29 /* InterestViewController.swift in Sources */ = {isa = PBXBuildFile; fileRef = CB00095F206A3CF000B00C29 /* InterestViewController.swift */; };
		CB000962206A6CEE00B00C29 /* Interest.swift in Sources */ = {isa = PBXBuildFile; fileRef = CB000961206A6CEE00B00C29 /* Interest.swift */; };
		CB13D4A620A0796C00DD89CA /* Avenue du Vapoteur.ttf in Resources */ = {isa = PBXBuildFile; fileRef = CB13D4A520A0796C00DD89CA /* Avenue du Vapoteur.ttf */; };
		CB45B127207F58F700379FD1 /* ThirdViewController.swift in Sources */ = {isa = PBXBuildFile; fileRef = CB45B126207F58F700379FD1 /* ThirdViewController.swift */; };
		CB4B63FF20A87DFE0043D179 /* RegisterViewController.swift in Sources */ = {isa = PBXBuildFile; fileRef = CB4B63FE20A87DFE0043D179 /* RegisterViewController.swift */; };
		CB605C332099DFD200C920FC /* LoginViewController.swift in Sources */ = {isa = PBXBuildFile; fileRef = CB605C322099DFD200C920FC /* LoginViewController.swift */; };
		CB97A48B2069A8ED0043D2EF /* CollectionViewCell.swift in Sources */ = {isa = PBXBuildFile; fileRef = CB97A48A2069A8ED0043D2EF /* CollectionViewCell.swift */; };
		CBA3C26D20A1A16F0002A728 /* DateCollectionViewCell.swift in Sources */ = {isa = PBXBuildFile; fileRef = CBA3C26C20A1A16F0002A728 /* DateCollectionViewCell.swift */; };
		CBA3C27120A1CBE90002A728 /* CalendarVar.swift in Sources */ = {isa = PBXBuildFile; fileRef = CBA3C27020A1CBE90002A728 /* CalendarVar.swift */; };
		CBAF84CD20971A3400A07B0B /* DateViewController.swift in Sources */ = {isa = PBXBuildFile; fileRef = CBAF84CC20971A3400A07B0B /* DateViewController.swift */; };
		CBBC4DA620690F6F009D0355 /* AppDelegate.swift in Sources */ = {isa = PBXBuildFile; fileRef = CBBC4DA520690F6F009D0355 /* AppDelegate.swift */; };
		CBBC4DAB20690F6F009D0355 /* Main.storyboard in Resources */ = {isa = PBXBuildFile; fileRef = CBBC4DA920690F6F009D0355 /* Main.storyboard */; };
		CBBC4DAD20690F6F009D0355 /* Assets.xcassets in Resources */ = {isa = PBXBuildFile; fileRef = CBBC4DAC20690F6F009D0355 /* Assets.xcassets */; };
		CBBC4DB020690F6F009D0355 /* LaunchScreen.storyboard in Resources */ = {isa = PBXBuildFile; fileRef = CBBC4DAE20690F6F009D0355 /* LaunchScreen.storyboard */; };
		CBBC4DBB20690F70009D0355 /* TimelifeTests.swift in Sources */ = {isa = PBXBuildFile; fileRef = CBBC4DBA20690F70009D0355 /* TimelifeTests.swift */; };
		CBBC4DC620690F70009D0355 /* TimelifeUITests.swift in Sources */ = {isa = PBXBuildFile; fileRef = CBBC4DC520690F70009D0355 /* TimelifeUITests.swift */; };
		CBBC4DD420690FAD009D0355 /* PhotoView.swift in Sources */ = {isa = PBXBuildFile; fileRef = CBBC4DD320690FAD009D0355 /* PhotoView.swift */; };
		CBD8E4A9209C5B29009D5FD8 /* CalendarViewController.swift in Sources */ = {isa = PBXBuildFile; fileRef = CBD8E4A8209C5B29009D5FD8 /* CalendarViewController.swift */; };
/* End PBXBuildFile section */

/* Begin PBXContainerItemProxy section */
		CBBC4DB720690F70009D0355 /* PBXContainerItemProxy */ = {
			isa = PBXContainerItemProxy;
			containerPortal = CBBC4D9A20690F6F009D0355 /* Project object */;
			proxyType = 1;
			remoteGlobalIDString = CBBC4DA120690F6F009D0355;
			remoteInfo = Timelife;
		};
		CBBC4DC220690F70009D0355 /* PBXContainerItemProxy */ = {
			isa = PBXContainerItemProxy;
			containerPortal = CBBC4D9A20690F6F009D0355 /* Project object */;
			proxyType = 1;
			remoteGlobalIDString = CBBC4DA120690F6F009D0355;
			remoteInfo = Timelife;
		};
/* End PBXContainerItemProxy section */

/* Begin PBXFileReference section */
		011BE155B0C3289DD8CE396C /* Pods-Timelife.debug.xcconfig */ = {isa = PBXFileReference; includeInIndex = 1; lastKnownFileType = text.xcconfig; name = "Pods-Timelife.debug.xcconfig"; path = "Pods/Target Support Files/Pods-Timelife/Pods-Timelife.debug.xcconfig"; sourceTree = "<group>"; };
		7C7D2E9A1EDC0AFDF5F9ED84 /* Pods_Timelife.framework */ = {isa = PBXFileReference; explicitFileType = wrapper.framework; includeInIndex = 0; path = Pods_Timelife.framework; sourceTree = BUILT_PRODUCTS_DIR; };
		BD584384A526A0DA6D4E766D /* Pods-Timelife.release.xcconfig */ = {isa = PBXFileReference; includeInIndex = 1; lastKnownFileType = text.xcconfig; name = "Pods-Timelife.release.xcconfig"; path = "Pods/Target Support Files/Pods-Timelife/Pods-Timelife.release.xcconfig"; sourceTree = "<group>"; };
		CB00095F206A3CF000B00C29 /* InterestViewController.swift */ = {isa = PBXFileReference; lastKnownFileType = sourcecode.swift; path = InterestViewController.swift; sourceTree = "<group>"; };
		CB000961206A6CEE00B00C29 /* Interest.swift */ = {isa = PBXFileReference; lastKnownFileType = sourcecode.swift; path = Interest.swift; sourceTree = "<group>"; };
		CB13D4A520A0796C00DD89CA /* Avenue du Vapoteur.ttf */ = {isa = PBXFileReference; lastKnownFileType = file; path = "Avenue du Vapoteur.ttf"; sourceTree = SOURCE_ROOT; };
		CB45B126207F58F700379FD1 /* ThirdViewController.swift */ = {isa = PBXFileReference; lastKnownFileType = sourcecode.swift; path = ThirdViewController.swift; sourceTree = "<group>"; };
		CB4B63FE20A87DFE0043D179 /* RegisterViewController.swift */ = {isa = PBXFileReference; lastKnownFileType = sourcecode.swift; path = RegisterViewController.swift; sourceTree = "<group>"; };
		CB605C322099DFD200C920FC /* LoginViewController.swift */ = {isa = PBXFileReference; lastKnownFileType = sourcecode.swift; path = LoginViewController.swift; sourceTree = "<group>"; };
		CB97A48A2069A8ED0043D2EF /* CollectionViewCell.swift */ = {isa = PBXFileReference; lastKnownFileType = sourcecode.swift; path = CollectionViewCell.swift; sourceTree = "<group>"; };
		CBA3C26C20A1A16F0002A728 /* DateCollectionViewCell.swift */ = {isa = PBXFileReference; lastKnownFileType = sourcecode.swift; path = DateCollectionViewCell.swift; sourceTree = "<group>"; };
		CBA3C27020A1CBE90002A728 /* CalendarVar.swift */ = {isa = PBXFileReference; lastKnownFileType = sourcecode.swift; path = CalendarVar.swift; sourceTree = "<group>"; };
		CBAF84CC20971A3400A07B0B /* DateViewController.swift */ = {isa = PBXFileReference; lastKnownFileType = sourcecode.swift; path = DateViewController.swift; sourceTree = "<group>"; };
		CBBC4DA220690F6F009D0355 /* Timelife.app */ = {isa = PBXFileReference; explicitFileType = wrapper.application; includeInIndex = 0; path = Timelife.app; sourceTree = BUILT_PRODUCTS_DIR; };
		CBBC4DA520690F6F009D0355 /* AppDelegate.swift */ = {isa = PBXFileReference; lastKnownFileType = sourcecode.swift; path = AppDelegate.swift; sourceTree = "<group>"; };
		CBBC4DAA20690F6F009D0355 /* Base */ = {isa = PBXFileReference; lastKnownFileType = file.storyboard; name = Base; path = Base.lproj/Main.storyboard; sourceTree = "<group>"; };
		CBBC4DAC20690F6F009D0355 /* Assets.xcassets */ = {isa = PBXFileReference; lastKnownFileType = folder.assetcatalog; path = Assets.xcassets; sourceTree = "<group>"; };
		CBBC4DAF20690F6F009D0355 /* Base */ = {isa = PBXFileReference; lastKnownFileType = file.storyboard; name = Base; path = Base.lproj/LaunchScreen.storyboard; sourceTree = "<group>"; };
		CBBC4DB120690F6F009D0355 /* Info.plist */ = {isa = PBXFileReference; lastKnownFileType = text.plist.xml; path = Info.plist; sourceTree = "<group>"; };
		CBBC4DB620690F70009D0355 /* TimelifeTests.xctest */ = {isa = PBXFileReference; explicitFileType = wrapper.cfbundle; includeInIndex = 0; path = TimelifeTests.xctest; sourceTree = BUILT_PRODUCTS_DIR; };
		CBBC4DBA20690F70009D0355 /* TimelifeTests.swift */ = {isa = PBXFileReference; lastKnownFileType = sourcecode.swift; path = TimelifeTests.swift; sourceTree = "<group>"; };
		CBBC4DBC20690F70009D0355 /* Info.plist */ = {isa = PBXFileReference; lastKnownFileType = text.plist.xml; path = Info.plist; sourceTree = "<group>"; };
		CBBC4DC120690F70009D0355 /* TimelifeUITests.xctest */ = {isa = PBXFileReference; explicitFileType = wrapper.cfbundle; includeInIndex = 0; path = TimelifeUITests.xctest; sourceTree = BUILT_PRODUCTS_DIR; };
		CBBC4DC520690F70009D0355 /* TimelifeUITests.swift */ = {isa = PBXFileReference; lastKnownFileType = sourcecode.swift; path = TimelifeUITests.swift; sourceTree = "<group>"; };
		CBBC4DC720690F70009D0355 /* Info.plist */ = {isa = PBXFileReference; lastKnownFileType = text.plist.xml; path = Info.plist; sourceTree = "<group>"; };
		CBBC4DD320690FAD009D0355 /* PhotoView.swift */ = {isa = PBXFileReference; lastKnownFileType = sourcecode.swift; path = PhotoView.swift; sourceTree = "<group>"; };
		CBD8E4A8209C5B29009D5FD8 /* CalendarViewController.swift */ = {isa = PBXFileReference; lastKnownFileType = sourcecode.swift; path = CalendarViewController.swift; sourceTree = "<group>"; };
/* End PBXFileReference section */

/* Begin PBXFrameworksBuildPhase section */
		CBBC4D9F20690F6F009D0355 /* Frameworks */ = {
			isa = PBXFrameworksBuildPhase;
			buildActionMask = 2147483647;
			files = (
				108B24B51457DC9A9AA3B0AE /* Pods_Timelife.framework in Frameworks */,
			);
			runOnlyForDeploymentPostprocessing = 0;
		};
		CBBC4DB320690F70009D0355 /* Frameworks */ = {
			isa = PBXFrameworksBuildPhase;
			buildActionMask = 2147483647;
			files = (
			);
			runOnlyForDeploymentPostprocessing = 0;
		};
		CBBC4DBE20690F70009D0355 /* Frameworks */ = {
			isa = PBXFrameworksBuildPhase;
			buildActionMask = 2147483647;
			files = (
			);
			runOnlyForDeploymentPostprocessing = 0;
		};
/* End PBXFrameworksBuildPhase section */

/* Begin PBXGroup section */
		A5DE7E48ACF87DD8940DE78A /* Pods */ = {
			isa = PBXGroup;
			children = (
				011BE155B0C3289DD8CE396C /* Pods-Timelife.debug.xcconfig */,
				BD584384A526A0DA6D4E766D /* Pods-Timelife.release.xcconfig */,
			);
			name = Pods;
			sourceTree = "<group>";
		};
		A9603728244A3497C29A52F4 /* Frameworks */ = {
			isa = PBXGroup;
			children = (
				7C7D2E9A1EDC0AFDF5F9ED84 /* Pods_Timelife.framework */,
			);
			name = Frameworks;
			sourceTree = "<group>";
		};
		CBBC4D9920690F6F009D0355 = {
			isa = PBXGroup;
			children = (
				CBBC4DA420690F6F009D0355 /* Timelife */,
				CBBC4DB920690F70009D0355 /* TimelifeTests */,
				CBBC4DC420690F70009D0355 /* TimelifeUITests */,
				CBBC4DA320690F6F009D0355 /* Products */,
				A5DE7E48ACF87DD8940DE78A /* Pods */,
				A9603728244A3497C29A52F4 /* Frameworks */,
			);
			sourceTree = "<group>";
		};
		CBBC4DA320690F6F009D0355 /* Products */ = {
			isa = PBXGroup;
			children = (
				CBBC4DA220690F6F009D0355 /* Timelife.app */,
				CBBC4DB620690F70009D0355 /* TimelifeTests.xctest */,
				CBBC4DC120690F70009D0355 /* TimelifeUITests.xctest */,
			);
			name = Products;
			sourceTree = "<group>";
		};
		CBBC4DA420690F6F009D0355 /* Timelife */ = {
			isa = PBXGroup;
			children = (
				CBBC4DA520690F6F009D0355 /* AppDelegate.swift */,
				CB605C322099DFD200C920FC /* LoginViewController.swift */,
				CB4B63FE20A87DFE0043D179 /* RegisterViewController.swift */,
				CB00095F206A3CF000B00C29 /* InterestViewController.swift */,
				CBD8E4A8209C5B29009D5FD8 /* CalendarViewController.swift */,
				CBA3C26C20A1A16F0002A728 /* DateCollectionViewCell.swift */,
				CBA3C27020A1CBE90002A728 /* CalendarVar.swift */,
				CBAF84CC20971A3400A07B0B /* DateViewController.swift */,
				CB000961206A6CEE00B00C29 /* Interest.swift */,
				CB97A48A2069A8ED0043D2EF /* CollectionViewCell.swift */,
				CBBC4DD320690FAD009D0355 /* PhotoView.swift */,
				CB45B126207F58F700379FD1 /* ThirdViewController.swift */,
				CBBC4DA920690F6F009D0355 /* Main.storyboard */,
				CBBC4DAC20690F6F009D0355 /* Assets.xcassets */,
				CB13D4A520A0796C00DD89CA /* Avenue du Vapoteur.ttf */,
				CBBC4DAE20690F6F009D0355 /* LaunchScreen.storyboard */,
				CBBC4DB120690F6F009D0355 /* Info.plist */,
			);
			path = Timelife;
			sourceTree = "<group>";
		};
		CBBC4DB920690F70009D0355 /* TimelifeTests */ = {
			isa = PBXGroup;
			children = (
				CBBC4DBA20690F70009D0355 /* TimelifeTests.swift */,
				CBBC4DBC20690F70009D0355 /* Info.plist */,
			);
			path = TimelifeTests;
			sourceTree = "<group>";
		};
		CBBC4DC420690F70009D0355 /* TimelifeUITests */ = {
			isa = PBXGroup;
			children = (
				CBBC4DC520690F70009D0355 /* TimelifeUITests.swift */,
				CBBC4DC720690F70009D0355 /* Info.plist */,
			);
			path = TimelifeUITests;
			sourceTree = "<group>";
		};
/* End PBXGroup section */

/* Begin PBXNativeTarget section */
		CBBC4DA120690F6F009D0355 /* Timelife */ = {
			isa = PBXNativeTarget;
			buildConfigurationList = CBBC4DCA20690F70009D0355 /* Build configuration list for PBXNativeTarget "Timelife" */;
			buildPhases = (
				CCAD7240A18BF548B775CBFE /* [CP] Check Pods Manifest.lock */,
				CBBC4D9E20690F6F009D0355 /* Sources */,
				CBBC4D9F20690F6F009D0355 /* Frameworks */,
				CBBC4DA020690F6F009D0355 /* Resources */,
				CC0F908B677F7B127DAA5ECD /* [CP] Embed Pods Frameworks */,
				392AD0A5C433F2EF0B8CC2BC /* [CP] Copy Pods Resources */,
			);
			buildRules = (
			);
			dependencies = (
			);
			name = Timelife;
			productName = Timelife;
			productReference = CBBC4DA220690F6F009D0355 /* Timelife.app */;
			productType = "com.apple.product-type.application";
		};
		CBBC4DB520690F70009D0355 /* TimelifeTests */ = {
			isa = PBXNativeTarget;
			buildConfigurationList = CBBC4DCD20690F70009D0355 /* Build configuration list for PBXNativeTarget "TimelifeTests" */;
			buildPhases = (
				CBBC4DB220690F70009D0355 /* Sources */,
				CBBC4DB320690F70009D0355 /* Frameworks */,
				CBBC4DB420690F70009D0355 /* Resources */,
			);
			buildRules = (
			);
			dependencies = (
				CBBC4DB820690F70009D0355 /* PBXTargetDependency */,
			);
			name = TimelifeTests;
			productName = TimelifeTests;
			productReference = CBBC4DB620690F70009D0355 /* TimelifeTests.xctest */;
			productType = "com.apple.product-type.bundle.unit-test";
		};
		CBBC4DC020690F70009D0355 /* TimelifeUITests */ = {
			isa = PBXNativeTarget;
			buildConfigurationList = CBBC4DD020690F70009D0355 /* Build configuration list for PBXNativeTarget "TimelifeUITests" */;
			buildPhases = (
				CBBC4DBD20690F70009D0355 /* Sources */,
				CBBC4DBE20690F70009D0355 /* Frameworks */,
				CBBC4DBF20690F70009D0355 /* Resources */,
			);
			buildRules = (
			);
			dependencies = (
				CBBC4DC320690F70009D0355 /* PBXTargetDependency */,
			);
			name = TimelifeUITests;
			productName = TimelifeUITests;
			productReference = CBBC4DC120690F70009D0355 /* TimelifeUITests.xctest */;
			productType = "com.apple.product-type.bundle.ui-testing";
		};
/* End PBXNativeTarget section */

/* Begin PBXProject section */
		CBBC4D9A20690F6F009D0355 /* Project object */ = {
			isa = PBXProject;
			attributes = {
				LastSwiftUpdateCheck = 0920;
				LastUpgradeCheck = 0930;
				ORGANIZATIONNAME = "Giulia Zandonà";
				TargetAttributes = {
					CBBC4DA120690F6F009D0355 = {
						CreatedOnToolsVersion = 9.2;
						ProvisioningStyle = Automatic;
					};
					CBBC4DB520690F70009D0355 = {
						CreatedOnToolsVersion = 9.2;
						ProvisioningStyle = Automatic;
						TestTargetID = CBBC4DA120690F6F009D0355;
					};
					CBBC4DC020690F70009D0355 = {
						CreatedOnToolsVersion = 9.2;
						ProvisioningStyle = Automatic;
						TestTargetID = CBBC4DA120690F6F009D0355;
					};
				};
			};
			buildConfigurationList = CBBC4D9D20690F6F009D0355 /* Build configuration list for PBXProject "Timelife" */;
			compatibilityVersion = "Xcode 8.0";
			developmentRegion = en;
			hasScannedForEncodings = 0;
			knownRegions = (
				en,
				Base,
			);
			mainGroup = CBBC4D9920690F6F009D0355;
			productRefGroup = CBBC4DA320690F6F009D0355 /* Products */;
			projectDirPath = "";
			projectRoot = "";
			targets = (
				CBBC4DA120690F6F009D0355 /* Timelife */,
				CBBC4DB520690F70009D0355 /* TimelifeTests */,
				CBBC4DC020690F70009D0355 /* TimelifeUITests */,
			);
		};
/* End PBXProject section */

/* Begin PBXResourcesBuildPhase section */
		CBBC4DA020690F6F009D0355 /* Resources */ = {
			isa = PBXResourcesBuildPhase;
			buildActionMask = 2147483647;
			files = (
				CBBC4DB020690F6F009D0355 /* LaunchScreen.storyboard in Resources */,
				CB13D4A620A0796C00DD89CA /* Avenue du Vapoteur.ttf in Resources */,
				CBBC4DAD20690F6F009D0355 /* Assets.xcassets in Resources */,
				CBBC4DAB20690F6F009D0355 /* Main.storyboard in Resources */,
			);
			runOnlyForDeploymentPostprocessing = 0;
		};
		CBBC4DB420690F70009D0355 /* Resources */ = {
			isa = PBXResourcesBuildPhase;
			buildActionMask = 2147483647;
			files = (
			);
			runOnlyForDeploymentPostprocessing = 0;
		};
		CBBC4DBF20690F70009D0355 /* Resources */ = {
			isa = PBXResourcesBuildPhase;
			buildActionMask = 2147483647;
			files = (
			);
			runOnlyForDeploymentPostprocessing = 0;
		};
/* End PBXResourcesBuildPhase section */

/* Begin PBXShellScriptBuildPhase section */
		392AD0A5C433F2EF0B8CC2BC /* [CP] Copy Pods Resources */ = {
			isa = PBXShellScriptBuildPhase;
			buildActionMask = 2147483647;
			files = (
			);
			inputPaths = (
			);
			name = "[CP] Copy Pods Resources";
			outputPaths = (
			);
			runOnlyForDeploymentPostprocessing = 0;
			shellPath = /bin/sh;
			shellScript = "\"${SRCROOT}/Pods/Target Support Files/Pods-Timelife/Pods-Timelife-resources.sh\"\n";
			showEnvVarsInLog = 0;
		};
		CC0F908B677F7B127DAA5ECD /* [CP] Embed Pods Frameworks */ = {
			isa = PBXShellScriptBuildPhase;
			buildActionMask = 2147483647;
			files = (
			);
			inputPaths = (
				"${SRCROOT}/Pods/Target Support Files/Pods-Timelife/Pods-Timelife-frameworks.sh",
				"${BUILT_PRODUCTS_DIR}/Alamofire/Alamofire.framework",
				"${BUILT_PRODUCTS_DIR}/SwiftyJSON/SwiftyJSON.framework",
			);
			name = "[CP] Embed Pods Frameworks";
			outputPaths = (
				"${TARGET_BUILD_DIR}/${FRAMEWORKS_FOLDER_PATH}/Alamofire.framework",
				"${TARGET_BUILD_DIR}/${FRAMEWORKS_FOLDER_PATH}/SwiftyJSON.framework",
			);
			runOnlyForDeploymentPostprocessing = 0;
			shellPath = /bin/sh;
			shellScript = "\"${SRCROOT}/Pods/Target Support Files/Pods-Timelife/Pods-Timelife-frameworks.sh\"\n";
			showEnvVarsInLog = 0;
		};
		CCAD7240A18BF548B775CBFE /* [CP] Check Pods Manifest.lock */ = {
			isa = PBXShellScriptBuildPhase;
			buildActionMask = 2147483647;
			files = (
			);
			inputPaths = (
				"${PODS_PODFILE_DIR_PATH}/Podfile.lock",
				"${PODS_ROOT}/Manifest.lock",
			);
			name = "[CP] Check Pods Manifest.lock";
			outputPaths = (
				"$(DERIVED_FILE_DIR)/Pods-Timelife-checkManifestLockResult.txt",
			);
			runOnlyForDeploymentPostprocessing = 0;
			shellPath = /bin/sh;
			shellScript = "diff \"${PODS_PODFILE_DIR_PATH}/Podfile.lock\" \"${PODS_ROOT}/Manifest.lock\" > /dev/null\nif [ $? != 0 ] ; then\n    # print error to STDERR\n    echo \"error: The sandbox is not in sync with the Podfile.lock. Run 'pod install' or update your CocoaPods installation.\" >&2\n    exit 1\nfi\n# This output is used by Xcode 'outputs' to avoid re-running this script phase.\necho \"SUCCESS\" > \"${SCRIPT_OUTPUT_FILE_0}\"\n";
			showEnvVarsInLog = 0;
		};
/* End PBXShellScriptBuildPhase section */

/* Begin PBXSourcesBuildPhase section */
		CBBC4D9E20690F6F009D0355 /* Sources */ = {
			isa = PBXSourcesBuildPhase;
			buildActionMask = 2147483647;
			files = (
				CBBC4DD420690FAD009D0355 /* PhotoView.swift in Sources */,
				CB97A48B2069A8ED0043D2EF /* CollectionViewCell.swift in Sources */,
				CBAF84CD20971A3400A07B0B /* DateViewController.swift in Sources */,
				CB4B63FF20A87DFE0043D179 /* RegisterViewController.swift in Sources */,
				CB000962206A6CEE00B00C29 /* Interest.swift in Sources */,
				CBA3C26D20A1A16F0002A728 /* DateCollectionViewCell.swift in Sources */,
				CB605C332099DFD200C920FC /* LoginViewController.swift in Sources */,
				CB000960206A3CF000B00C29 /* InterestViewController.swift in Sources */,
				CBA3C27120A1CBE90002A728 /* CalendarVar.swift in Sources */,
				CBD8E4A9209C5B29009D5FD8 /* CalendarViewController.swift in Sources */,
				CB45B127207F58F700379FD1 /* ThirdViewController.swift in Sources */,
				CBBC4DA620690F6F009D0355 /* AppDelegate.swift in Sources */,
			);
			runOnlyForDeploymentPostprocessing = 0;
		};
		CBBC4DB220690F70009D0355 /* Sources */ = {
			isa = PBXSourcesBuildPhase;
			buildActionMask = 2147483647;
			files = (
				CBBC4DBB20690F70009D0355 /* TimelifeTests.swift in Sources */,
			);
			runOnlyForDeploymentPostprocessing = 0;
		};
		CBBC4DBD20690F70009D0355 /* Sources */ = {
			isa = PBXSourcesBuildPhase;
			buildActionMask = 2147483647;
			files = (
				CBBC4DC620690F70009D0355 /* TimelifeUITests.swift in Sources */,
			);
			runOnlyForDeploymentPostprocessing = 0;
		};
/* End PBXSourcesBuildPhase section */

/* Begin PBXTargetDependency section */
		CBBC4DB820690F70009D0355 /* PBXTargetDependency */ = {
			isa = PBXTargetDependency;
			target = CBBC4DA120690F6F009D0355 /* Timelife */;
			targetProxy = CBBC4DB720690F70009D0355 /* PBXContainerItemProxy */;
		};
		CBBC4DC320690F70009D0355 /* PBXTargetDependency */ = {
			isa = PBXTargetDependency;
			target = CBBC4DA120690F6F009D0355 /* Timelife */;
			targetProxy = CBBC4DC220690F70009D0355 /* PBXContainerItemProxy */;
		};
/* End PBXTargetDependency section */

/* Begin PBXVariantGroup section */
		CBBC4DA920690F6F009D0355 /* Main.storyboard */ = {
			isa = PBXVariantGroup;
			children = (
				CBBC4DAA20690F6F009D0355 /* Base */,
			);
			name = Main.storyboard;
			sourceTree = "<group>";
		};
		CBBC4DAE20690F6F009D0355 /* LaunchScreen.storyboard */ = {
			isa = PBXVariantGroup;
			children = (
				CBBC4DAF20690F6F009D0355 /* Base */,
			);
			name = LaunchScreen.storyboard;
			sourceTree = "<group>";
		};
/* End PBXVariantGroup section */

/* Begin XCBuildConfiguration section */
		CBBC4DC820690F70009D0355 /* Debug */ = {
			isa = XCBuildConfiguration;
			buildSettings = {
				ALWAYS_SEARCH_USER_PATHS = NO;
				CLANG_ANALYZER_NONNULL = YES;
				CLANG_ANALYZER_NUMBER_OBJECT_CONVERSION = YES_AGGRESSIVE;
				CLANG_CXX_LANGUAGE_STANDARD = "gnu++14";
				CLANG_CXX_LIBRARY = "libc++";
				CLANG_ENABLE_MODULES = YES;
				CLANG_ENABLE_OBJC_ARC = YES;
				CLANG_WARN_BLOCK_CAPTURE_AUTORELEASING = YES;
				CLANG_WARN_BOOL_CONVERSION = YES;
				CLANG_WARN_COMMA = YES;
				CLANG_WARN_CONSTANT_CONVERSION = YES;
				CLANG_WARN_DEPRECATED_OBJC_IMPLEMENTATIONS = YES;
				CLANG_WARN_DIRECT_OBJC_ISA_USAGE = YES_ERROR;
				CLANG_WARN_DOCUMENTATION_COMMENTS = YES;
				CLANG_WARN_EMPTY_BODY = YES;
				CLANG_WARN_ENUM_CONVERSION = YES;
				CLANG_WARN_INFINITE_RECURSION = YES;
				CLANG_WARN_INT_CONVERSION = YES;
				CLANG_WARN_NON_LITERAL_NULL_CONVERSION = YES;
				CLANG_WARN_OBJC_IMPLICIT_RETAIN_SELF = YES;
				CLANG_WARN_OBJC_LITERAL_CONVERSION = YES;
				CLANG_WARN_OBJC_ROOT_CLASS = YES_ERROR;
				CLANG_WARN_RANGE_LOOP_ANALYSIS = YES;
				CLANG_WARN_STRICT_PROTOTYPES = YES;
				CLANG_WARN_SUSPICIOUS_MOVE = YES;
				CLANG_WARN_UNGUARDED_AVAILABILITY = YES_AGGRESSIVE;
				CLANG_WARN_UNREACHABLE_CODE = YES;
				CLANG_WARN__DUPLICATE_METHOD_MATCH = YES;
				CODE_SIGN_IDENTITY = "iPhone Developer";
				COPY_PHASE_STRIP = NO;
				DEBUG_INFORMATION_FORMAT = dwarf;
				ENABLE_STRICT_OBJC_MSGSEND = YES;
				ENABLE_TESTABILITY = YES;
				GCC_C_LANGUAGE_STANDARD = gnu11;
				GCC_DYNAMIC_NO_PIC = NO;
				GCC_NO_COMMON_BLOCKS = YES;
				GCC_OPTIMIZATION_LEVEL = 0;
				GCC_PREPROCESSOR_DEFINITIONS = (
					"DEBUG=1",
					"$(inherited)",
				);
				GCC_WARN_64_TO_32_BIT_CONVERSION = YES;
				GCC_WARN_ABOUT_RETURN_TYPE = YES_ERROR;
				GCC_WARN_UNDECLARED_SELECTOR = YES;
				GCC_WARN_UNINITIALIZED_AUTOS = YES_AGGRESSIVE;
				GCC_WARN_UNUSED_FUNCTION = YES;
				GCC_WARN_UNUSED_VARIABLE = YES;
				IPHONEOS_DEPLOYMENT_TARGET = 11.2;
				MTL_ENABLE_DEBUG_INFO = YES;
				ONLY_ACTIVE_ARCH = YES;
				SDKROOT = iphoneos;
				SWIFT_ACTIVE_COMPILATION_CONDITIONS = DEBUG;
				SWIFT_OPTIMIZATION_LEVEL = "-Onone";
			};
			name = Debug;
		};
		CBBC4DC920690F70009D0355 /* Release */ = {
			isa = XCBuildConfiguration;
			buildSettings = {
				ALWAYS_SEARCH_USER_PATHS = NO;
				CLANG_ANALYZER_NONNULL = YES;
				CLANG_ANALYZER_NUMBER_OBJECT_CONVERSION = YES_AGGRESSIVE;
				CLANG_CXX_LANGUAGE_STANDARD = "gnu++14";
				CLANG_CXX_LIBRARY = "libc++";
				CLANG_ENABLE_MODULES = YES;
				CLANG_ENABLE_OBJC_ARC = YES;
				CLANG_WARN_BLOCK_CAPTURE_AUTORELEASING = YES;
				CLANG_WARN_BOOL_CONVERSION = YES;
				CLANG_WARN_COMMA = YES;
				CLANG_WARN_CONSTANT_CONVERSION = YES;
				CLANG_WARN_DEPRECATED_OBJC_IMPLEMENTATIONS = YES;
				CLANG_WARN_DIRECT_OBJC_ISA_USAGE = YES_ERROR;
				CLANG_WARN_DOCUMENTATION_COMMENTS = YES;
				CLANG_WARN_EMPTY_BODY = YES;
				CLANG_WARN_ENUM_CONVERSION = YES;
				CLANG_WARN_INFINITE_RECURSION = YES;
				CLANG_WARN_INT_CONVERSION = YES;
				CLANG_WARN_NON_LITERAL_NULL_CONVERSION = YES;
				CLANG_WARN_OBJC_IMPLICIT_RETAIN_SELF = YES;
				CLANG_WARN_OBJC_LITERAL_CONVERSION = YES;
				CLANG_WARN_OBJC_ROOT_CLASS = YES_ERROR;
				CLANG_WARN_RANGE_LOOP_ANALYSIS = YES;
				CLANG_WARN_STRICT_PROTOTYPES = YES;
				CLANG_WARN_SUSPICIOUS_MOVE = YES;
				CLANG_WARN_UNGUARDED_AVAILABILITY = YES_AGGRESSIVE;
				CLANG_WARN_UNREACHABLE_CODE = YES;
				CLANG_WARN__DUPLICATE_METHOD_MATCH = YES;
				CODE_SIGN_IDENTITY = "iPhone Developer";
				COPY_PHASE_STRIP = NO;
				DEBUG_INFORMATION_FORMAT = "dwarf-with-dsym";
				ENABLE_NS_ASSERTIONS = NO;
				ENABLE_STRICT_OBJC_MSGSEND = YES;
				GCC_C_LANGUAGE_STANDARD = gnu11;
				GCC_NO_COMMON_BLOCKS = YES;
				GCC_WARN_64_TO_32_BIT_CONVERSION = YES;
				GCC_WARN_ABOUT_RETURN_TYPE = YES_ERROR;
				GCC_WARN_UNDECLARED_SELECTOR = YES;
				GCC_WARN_UNINITIALIZED_AUTOS = YES_AGGRESSIVE;
				GCC_WARN_UNUSED_FUNCTION = YES;
				GCC_WARN_UNUSED_VARIABLE = YES;
				IPHONEOS_DEPLOYMENT_TARGET = 11.2;
				MTL_ENABLE_DEBUG_INFO = NO;
				SDKROOT = iphoneos;
				SWIFT_OPTIMIZATION_LEVEL = "-Owholemodule";
				VALIDATE_PRODUCT = YES;
			};
			name = Release;
		};
		CBBC4DCB20690F70009D0355 /* Debug */ = {
			isa = XCBuildConfiguration;
			baseConfigurationReference = 011BE155B0C3289DD8CE396C /* Pods-Timelife.debug.xcconfig */;
			buildSettings = {
				ASSETCATALOG_COMPILER_APPICON_NAME = AppIcon;
				CODE_SIGN_STYLE = Automatic;
				DEVELOPMENT_TEAM = Q6TEABS8Q4;
				INFOPLIST_FILE = Timelife/Info.plist;
				LD_RUNPATH_SEARCH_PATHS = "$(inherited) @executable_path/Frameworks";
				PRODUCT_BUNDLE_IDENTIFIER = personalTeam.Timelife;
				PRODUCT_NAME = "$(TARGET_NAME)";
				SWIFT_VERSION = 4.0;
				TARGETED_DEVICE_FAMILY = "1,2";
			};
			name = Debug;
		};
		CBBC4DCC20690F70009D0355 /* Release */ = {
			isa = XCBuildConfiguration;
			baseConfigurationReference = BD584384A526A0DA6D4E766D /* Pods-Timelife.release.xcconfig */;
			buildSettings = {
				ASSETCATALOG_COMPILER_APPICON_NAME = AppIcon;
				CODE_SIGN_STYLE = Automatic;
				DEVELOPMENT_TEAM = Q6TEABS8Q4;
				INFOPLIST_FILE = Timelife/Info.plist;
				LD_RUNPATH_SEARCH_PATHS = "$(inherited) @executable_path/Frameworks";
				PRODUCT_BUNDLE_IDENTIFIER = personalTeam.Timelife;
				PRODUCT_NAME = "$(TARGET_NAME)";
				SWIFT_VERSION = 4.0;
				TARGETED_DEVICE_FAMILY = "1,2";
			};
			name = Release;
		};
		CBBC4DCE20690F70009D0355 /* Debug */ = {
			isa = XCBuildConfiguration;
			buildSettings = {
				ALWAYS_EMBED_SWIFT_STANDARD_LIBRARIES = YES;
				BUNDLE_LOADER = "$(TEST_HOST)";
				CODE_SIGN_STYLE = Automatic;
				DEVELOPMENT_TEAM = Q6TEABS8Q4;
				INFOPLIST_FILE = TimelifeTests/Info.plist;
				LD_RUNPATH_SEARCH_PATHS = "$(inherited) @executable_path/Frameworks @loader_path/Frameworks";
				PRODUCT_BUNDLE_IDENTIFIER = personalTeam.TimelifeTests;
				PRODUCT_NAME = "$(TARGET_NAME)";
				SWIFT_VERSION = 4.0;
				TARGETED_DEVICE_FAMILY = "1,2";
				TEST_HOST = "$(BUILT_PRODUCTS_DIR)/Timelife.app/Timelife";
			};
			name = Debug;
		};
		CBBC4DCF20690F70009D0355 /* Release */ = {
			isa = XCBuildConfiguration;
			buildSettings = {
				ALWAYS_EMBED_SWIFT_STANDARD_LIBRARIES = YES;
				BUNDLE_LOADER = "$(TEST_HOST)";
				CODE_SIGN_STYLE = Automatic;
				DEVELOPMENT_TEAM = Q6TEABS8Q4;
				INFOPLIST_FILE = TimelifeTests/Info.plist;
				LD_RUNPATH_SEARCH_PATHS = "$(inherited) @executable_path/Frameworks @loader_path/Frameworks";
				PRODUCT_BUNDLE_IDENTIFIER = personalTeam.TimelifeTests;
				PRODUCT_NAME = "$(TARGET_NAME)";
				SWIFT_VERSION = 4.0;
				TARGETED_DEVICE_FAMILY = "1,2";
				TEST_HOST = "$(BUILT_PRODUCTS_DIR)/Timelife.app/Timelife";
			};
			name = Release;
		};
		CBBC4DD120690F70009D0355 /* Debug */ = {
			isa = XCBuildConfiguration;
			buildSettings = {
				ALWAYS_EMBED_SWIFT_STANDARD_LIBRARIES = YES;
				CODE_SIGN_STYLE = Automatic;
				DEVELOPMENT_TEAM = Q6TEABS8Q4;
				INFOPLIST_FILE = TimelifeUITests/Info.plist;
				LD_RUNPATH_SEARCH_PATHS = "$(inherited) @executable_path/Frameworks @loader_path/Frameworks";
				PRODUCT_BUNDLE_IDENTIFIER = personalTeam.TimelifeUITests;
				PRODUCT_NAME = "$(TARGET_NAME)";
				SWIFT_VERSION = 4.0;
				TARGETED_DEVICE_FAMILY = "1,2";
				TEST_TARGET_NAME = Timelife;
			};
			name = Debug;
		};
		CBBC4DD220690F70009D0355 /* Release */ = {
			isa = XCBuildConfiguration;
			buildSettings = {
				ALWAYS_EMBED_SWIFT_STANDARD_LIBRARIES = YES;
				CODE_SIGN_STYLE = Automatic;
				DEVELOPMENT_TEAM = Q6TEABS8Q4;
				INFOPLIST_FILE = TimelifeUITests/Info.plist;
				LD_RUNPATH_SEARCH_PATHS = "$(inherited) @executable_path/Frameworks @loader_path/Frameworks";
				PRODUCT_BUNDLE_IDENTIFIER = personalTeam.TimelifeUITests;
				PRODUCT_NAME = "$(TARGET_NAME)";
				SWIFT_VERSION = 4.0;
				TARGETED_DEVICE_FAMILY = "1,2";
				TEST_TARGET_NAME = Timelife;
			};
			name = Release;
		};
/* End XCBuildConfiguration section */

/* Begin XCConfigurationList section */
		CBBC4D9D20690F6F009D0355 /* Build configuration list for PBXProject "Timelife" */ = {
			isa = XCConfigurationList;
			buildConfigurations = (
				CBBC4DC820690F70009D0355 /* Debug */,
				CBBC4DC920690F70009D0355 /* Release */,
			);
			defaultConfigurationIsVisible = 0;
			defaultConfigurationName = Release;
		};
		CBBC4DCA20690F70009D0355 /* Build configuration list for PBXNativeTarget "Timelife" */ = {
			isa = XCConfigurationList;
			buildConfigurations = (
				CBBC4DCB20690F70009D0355 /* Debug */,
				CBBC4DCC20690F70009D0355 /* Release */,
			);
			defaultConfigurationIsVisible = 0;
			defaultConfigurationName = Release;
		};
		CBBC4DCD20690F70009D0355 /* Build configuration list for PBXNativeTarget "TimelifeTests" */ = {
			isa = XCConfigurationList;
			buildConfigurations = (
				CBBC4DCE20690F70009D0355 /* Debug */,
				CBBC4DCF20690F70009D0355 /* Release */,
			);
			defaultConfigurationIsVisible = 0;
			defaultConfigurationName = Release;
		};
		CBBC4DD020690F70009D0355 /* Build configuration list for PBXNativeTarget "TimelifeUITests" */ = {
			isa = XCConfigurationList;
			buildConfigurations = (
				CBBC4DD120690F70009D0355 /* Debug */,
				CBBC4DD220690F70009D0355 /* Release */,
			);
			defaultConfigurationIsVisible = 0;
			defaultConfigurationName = Release;
		};
/* End XCConfigurationList section */
	};
	rootObject = CBBC4D9A20690F6F009D0355 /* Project object */;
}
